PODS:
  - Factory (1.3.6)
  - R.swift (7.2.4)
  - SDWebImage (5.15.2):
    - SDWebImage/Core (= 5.15.2)
  - SDWebImage/Core (5.15.2)
  - SDWebImageSVGCoder (1.6.1):
    - SDWebImage/Core (~> 5.6)
  - SDWebImageSwiftUI (2.2.2):
    - SDWebImage (~> 5.10)

DEPENDENCIES:
  - Factory
  - R.swift
  - SDWebImageSVGCoder
  - SDWebImageSwiftUI

SPEC REPOS:
  trunk:
    - Factory
    - R.swift
    - SDWebImage
    - SDWebImageSVGCoder
    - SDWebImageSwiftUI

SPEC CHECKSUMS:
  Factory: cd65aeedf349b1869274b4910d832f6f07724782
  R.swift: 681bb9135f482e7a81d9d27445b837fef5467e11
  SDWebImage: 8ab87d4b3e5cc4927bd47f78db6ceb0b94442577
  SDWebImageSVGCoder: 6fc109f9c2a82ab44510fff410b88b1a6c271ee8
  SDWebImageSwiftUI: 54ded4115b4ac6cd60b78f61415f86d070892d98

PODFILE CHECKSUM: a35fe9cdbb584bfd5a45d3b1ae87717d28f54420

COCOAPODS: 1.11.3
