// !$*UTF8*$!
{
	archiveVersion = 1;
	classes = {
	};
	objectVersion = 55;
	objects = {

/* Begin PBXBuildFile section */
		43DF66BB3FAEAEC27F06F290 /* Pods_StocksApp.framework in Frameworks */ = {isa = PBXBuildFile; fileRef = 4BB8F2390F6AC196AD9DE4FD /* Pods_StocksApp.framework */; };
		5D0794F197BF2310753C5F85 /* Pods_StocksApp_StocksAppUITests.framework in Frameworks */ = {isa = PBXBuildFile; fileRef = EF398B166F120587A7DC7C8E /* Pods_StocksApp_StocksAppUITests.framework */; };
		7043599E772214E4DE105891 /* Pods_StocksAppTests.framework in Frameworks */ = {isa = PBXBuildFile; fileRef = 1E37543FF52DF95CD502AD58 /* Pods_StocksAppTests.framework */; };
		751E2784299C29EF00F65E82 /* R.generated.swift in Sources */ = {isa = PBXBuildFile; fileRef = 751E2783299C29EF00F65E82 /* R.generated.swift */; };
		751E2785299C29EF00F65E82 /* R.generated.swift in Sources */ = {isa = PBXBuildFile; fileRef = 751E2783299C29EF00F65E82 /* R.generated.swift */; };
		751E2786299C29EF00F65E82 /* R.generated.swift in Sources */ = {isa = PBXBuildFile; fileRef = 751E2783299C29EF00F65E82 /* R.generated.swift */; };
		751E2788299C3AA100F65E82 /* PortfolioPerformanceChart.swift in Sources */ = {isa = PBXBuildFile; fileRef = 751E2787299C3AA100F65E82 /* PortfolioPerformanceChart.swift */; };
		7527DDEC2994172C008064FE /* StocksAppApp.swift in Sources */ = {isa = PBXBuildFile; fileRef = 7527DDEB2994172C008064FE /* StocksAppApp.swift */; };
		7527DDEE2994172C008064FE /* ContentView.swift in Sources */ = {isa = PBXBuildFile; fileRef = 7527DDED2994172C008064FE /* ContentView.swift */; };
		7527DDF029941730008064FE /* Assets.xcassets in Resources */ = {isa = PBXBuildFile; fileRef = 7527DDEF29941730008064FE /* Assets.xcassets */; };
		7527DDF329941730008064FE /* Preview Assets.xcassets in Resources */ = {isa = PBXBuildFile; fileRef = 7527DDF229941730008064FE /* Preview Assets.xcassets */; };
		7527DDFD29941731008064FE /* StocksAppTests.swift in Sources */ = {isa = PBXBuildFile; fileRef = 7527DDFC29941731008064FE /* StocksAppTests.swift */; };
		7527DE0729941731008064FE /* StocksAppUITests.swift in Sources */ = {isa = PBXBuildFile; fileRef = 7527DE0629941731008064FE /* StocksAppUITests.swift */; };
		7527DE0929941731008064FE /* StocksAppUITestsLaunchTests.swift in Sources */ = {isa = PBXBuildFile; fileRef = 7527DE0829941731008064FE /* StocksAppUITestsLaunchTests.swift */; };
		7527DE17299418C5008064FE /* NetworkManager.swift in Sources */ = {isa = PBXBuildFile; fileRef = 7527DE16299418C5008064FE /* NetworkManager.swift */; };
		7527DE1A29941CE6008064FE /* SearchRepo.swift in Sources */ = {isa = PBXBuildFile; fileRef = 7527DE1929941CE6008064FE /* SearchRepo.swift */; };
		7527DE1D2994200D008064FE /* SearchSymbol.swift in Sources */ = {isa = PBXBuildFile; fileRef = 7527DE1C2994200D008064FE /* SearchSymbol.swift */; };
		7527DE1F29942133008064FE /* Constants.swift in Sources */ = {isa = PBXBuildFile; fileRef = 7527DE1E29942133008064FE /* Constants.swift */; };
		7527DE2329943502008064FE /* SearchViewModel.swift in Sources */ = {isa = PBXBuildFile; fileRef = 7527DE2229943502008064FE /* SearchViewModel.swift */; };
		7527DE2629944963008064FE /* SearchSymbolResponse.swift in Sources */ = {isa = PBXBuildFile; fileRef = 7527DE2529944963008064FE /* SearchSymbolResponse.swift */; };
		7527DE2829945C3B008064FE /* StockView.swift in Sources */ = {isa = PBXBuildFile; fileRef = 7527DE2729945C3B008064FE /* StockView.swift */; };
		7527DE2B2994613B008064FE /* StockViewViewModel.swift in Sources */ = {isa = PBXBuildFile; fileRef = 7527DE2A2994613B008064FE /* StockViewViewModel.swift */; };
		7527DE2D2994616F008064FE /* CompanyRepo.swift in Sources */ = {isa = PBXBuildFile; fileRef = 7527DE2C2994616F008064FE /* CompanyRepo.swift */; };
		7527DE30299463E4008064FE /* CompanyProfile.swift in Sources */ = {isa = PBXBuildFile; fileRef = 7527DE2F299463E4008064FE /* CompanyProfile.swift */; };
		756A4F612999763C003F13F7 /* PortofolioPerformanceViewModel.swift in Sources */ = {isa = PBXBuildFile; fileRef = 756A4F602999763C003F13F7 /* PortofolioPerformanceViewModel.swift */; };
		756A4F642999766A003F13F7 /* CurrencyFormatter.swift in Sources */ = {isa = PBXBuildFile; fileRef = 756A4F632999766A003F13F7 /* CurrencyFormatter.swift */; };
		756A4F6729997F4E003F13F7 /* UtilsContainer.swift in Sources */ = {isa = PBXBuildFile; fileRef = 756A4F6629997F4E003F13F7 /* UtilsContainer.swift */; };
		756A4F6A29998B28003F13F7 /* PortofolioPerformanceOverviewModel.swift in Sources */ = {isa = PBXBuildFile; fileRef = 756A4F6929998B28003F13F7 /* PortofolioPerformanceOverviewModel.swift */; };
		756A4F6D29999272003F13F7 /* ShimmerModifier.swift in Sources */ = {isa = PBXBuildFile; fileRef = 756A4F6C29999272003F13F7 /* ShimmerModifier.swift */; };
		756A4F702999947B003F13F7 /* Shimmer in Frameworks */ = {isa = PBXBuildFile; productRef = 756A4F6F2999947B003F13F7 /* Shimmer */; };
		756A4F7329999563003F13F7 /* PortfolioOverviewPerformanceChange.swift in Sources */ = {isa = PBXBuildFile; fileRef = 756A4F7229999563003F13F7 /* PortfolioOverviewPerformanceChange.swift */; };
		756A4F75299997A8003F13F7 /* Colors.swift in Sources */ = {isa = PBXBuildFile; fileRef = 756A4F74299997A8003F13F7 /* Colors.swift */; };
		756A4F77299A6974003F13F7 /* PortfolioRepo.swift in Sources */ = {isa = PBXBuildFile; fileRef = 756A4F76299A6974003F13F7 /* PortfolioRepo.swift */; };
		756A4F79299A6A1C003F13F7 /* NetworkContainer.swift in Sources */ = {isa = PBXBuildFile; fileRef = 756A4F78299A6A1C003F13F7 /* NetworkContainer.swift */; };
		756A4F7B299AEBA9003F13F7 /* PortfolioModel.swift in Sources */ = {isa = PBXBuildFile; fileRef = 756A4F7A299AEBA9003F13F7 /* PortfolioModel.swift */; };
		756A4F7D299AED9C003F13F7 /* GoogleService-Info.plist in Resources */ = {isa = PBXBuildFile; fileRef = 756A4F7C299AED9C003F13F7 /* GoogleService-Info.plist */; };
		756A4F7E299AED9C003F13F7 /* GoogleService-Info.plist in Resources */ = {isa = PBXBuildFile; fileRef = 756A4F7C299AED9C003F13F7 /* GoogleService-Info.plist */; };
		756A4F7F299AED9C003F13F7 /* GoogleService-Info.plist in Resources */ = {isa = PBXBuildFile; fileRef = 756A4F7C299AED9C003F13F7 /* GoogleService-Info.plist */; };
		756A4F82299AEEA2003F13F7 /* FirebaseAnalytics in Frameworks */ = {isa = PBXBuildFile; productRef = 756A4F81299AEEA2003F13F7 /* FirebaseAnalytics */; };
		756A4F84299AEEA2003F13F7 /* FirebaseCrashlytics in Frameworks */ = {isa = PBXBuildFile; productRef = 756A4F83299AEEA2003F13F7 /* FirebaseCrashlytics */; };
		756A4F86299AEEA2003F13F7 /* FirebaseFirestore in Frameworks */ = {isa = PBXBuildFile; productRef = 756A4F85299AEEA2003F13F7 /* FirebaseFirestore */; };
		756A4F88299AEEA2003F13F7 /* FirebaseFirestoreCombine-Community in Frameworks */ = {isa = PBXBuildFile; productRef = 756A4F87299AEEA2003F13F7 /* FirebaseFirestoreCombine-Community */; };
		756A4F8A299AEEA2003F13F7 /* FirebasePerformance in Frameworks */ = {isa = PBXBuildFile; productRef = 756A4F89299AEEA2003F13F7 /* FirebasePerformance */; };
		756A4F8C299AEEA2003F13F7 /* FirebaseRemoteConfig in Frameworks */ = {isa = PBXBuildFile; productRef = 756A4F8B299AEEA2003F13F7 /* FirebaseRemoteConfig */; };
		756A4F8E299B0CC4003F13F7 /* Errors.swift in Sources */ = {isa = PBXBuildFile; fileRef = 756A4F8D299B0CC4003F13F7 /* Errors.swift */; };
		756A4F90299B1198003F13F7 /* FinancialItemsWatcher.swift in Sources */ = {isa = PBXBuildFile; fileRef = 756A4F8F299B1198003F13F7 /* FinancialItemsWatcher.swift */; };
		756A4F93299B12AB003F13F7 /* Starscream in Frameworks */ = {isa = PBXBuildFile; productRef = 756A4F92299B12AB003F13F7 /* Starscream */; };
		7592B5A1299BDC4E002ECC78 /* FinancialWSUpdate.swift in Sources */ = {isa = PBXBuildFile; fileRef = 7592B5A0299BDC4E002ECC78 /* FinancialWSUpdate.swift */; };
		7592B5A4299BDDA3002ECC78 /* UpdateResponse.swift in Sources */ = {isa = PBXBuildFile; fileRef = 7592B5A3299BDDA3002ECC78 /* UpdateResponse.swift */; };
		7592B5A8299BF67F002ECC78 /* PortfolioPerformanceHistoryEntry.swift in Sources */ = {isa = PBXBuildFile; fileRef = 7592B5A7299BF67F002ECC78 /* PortfolioPerformanceHistoryEntry.swift */; };
		75D579AF299D12C000FE4124 /* HomePortofolioItemsOverview.swift in Sources */ = {isa = PBXBuildFile; fileRef = 75D579AE299D12C000FE4124 /* HomePortofolioItemsOverview.swift */; };
		75D579B1299D152600FE4124 /* HomePortfolioItemsViewModel.swift in Sources */ = {isa = PBXBuildFile; fileRef = 75D579B0299D152600FE4124 /* HomePortfolioItemsViewModel.swift */; };
		75D579B3299D179C00FE4124 /* FinancialItem.swift in Sources */ = {isa = PBXBuildFile; fileRef = 75D579B2299D179C00FE4124 /* FinancialItem.swift */; };
		75D579B5299D40B000FE4124 /* HomePortfolioItemOverview.swift in Sources */ = {isa = PBXBuildFile; fileRef = 75D579B4299D40B000FE4124 /* HomePortfolioItemOverview.swift */; };
		75D579B7299D73B800FE4124 /* HomePortfolioItem.swift in Sources */ = {isa = PBXBuildFile; fileRef = 75D579B6299D73B800FE4124 /* HomePortfolioItem.swift */; };
		75D579B9299D818200FE4124 /* FinancialItemQuote.swift in Sources */ = {isa = PBXBuildFile; fileRef = 75D579B8299D818200FE4124 /* FinancialItemQuote.swift */; };
		75D579BB299D92D200FE4124 /* HomePortfolioItemChange.swift in Sources */ = {isa = PBXBuildFile; fileRef = 75D579BA299D92D200FE4124 /* HomePortfolioItemChange.swift */; };
		75D579BD299D949000FE4124 /* DoubleUtils.swift in Sources */ = {isa = PBXBuildFile; fileRef = 75D579BC299D949000FE4124 /* DoubleUtils.swift */; };
		75ED046D29992D480017F08D /* WelcomeHeader.swift in Sources */ = {isa = PBXBuildFile; fileRef = 75ED046C29992D480017F08D /* WelcomeHeader.swift */; };
		75ED047029992E7F0017F08D /* UIStyles.swift in Sources */ = {isa = PBXBuildFile; fileRef = 75ED046F29992E7F0017F08D /* UIStyles.swift */; };
		75ED048429992FA00017F08D /* Roboto-Medium.ttf in Resources */ = {isa = PBXBuildFile; fileRef = 75ED047229992F9F0017F08D /* Roboto-Medium.ttf */; };
		75ED048529992FA00017F08D /* Roboto-BoldItalic.ttf in Resources */ = {isa = PBXBuildFile; fileRef = 75ED047329992F9F0017F08D /* Roboto-BoldItalic.ttf */; };
		75ED048629992FA00017F08D /* Roboto-Thin.ttf in Resources */ = {isa = PBXBuildFile; fileRef = 75ED047429992F9F0017F08D /* Roboto-Thin.ttf */; };
		75ED048729992FA00017F08D /* Roboto-MediumItalic.ttf in Resources */ = {isa = PBXBuildFile; fileRef = 75ED047529992F9F0017F08D /* Roboto-MediumItalic.ttf */; };
		75ED048829992FA00017F08D /* Roboto-Bold.ttf in Resources */ = {isa = PBXBuildFile; fileRef = 75ED047629992F9F0017F08D /* Roboto-Bold.ttf */; };
		75ED048929992FA00017F08D /* RobotoCondensed-Light.ttf in Resources */ = {isa = PBXBuildFile; fileRef = 75ED047729992F9F0017F08D /* RobotoCondensed-Light.ttf */; };
		75ED048A29992FA00017F08D /* RobotoCondensed-LightItalic.ttf in Resources */ = {isa = PBXBuildFile; fileRef = 75ED047829992F9F0017F08D /* RobotoCondensed-LightItalic.ttf */; };
		75ED048B29992FA00017F08D /* Roboto-Black.ttf in Resources */ = {isa = PBXBuildFile; fileRef = 75ED047929992F9F0017F08D /* Roboto-Black.ttf */; };
		75ED048C29992FA00017F08D /* Roboto-BlackItalic.ttf in Resources */ = {isa = PBXBuildFile; fileRef = 75ED047A29992F9F0017F08D /* Roboto-BlackItalic.ttf */; };
		75ED048D29992FA00017F08D /* RobotoCondensed-Italic.ttf in Resources */ = {isa = PBXBuildFile; fileRef = 75ED047B29992F9F0017F08D /* RobotoCondensed-Italic.ttf */; };
		75ED048E29992FA00017F08D /* Roboto-Regular.ttf in Resources */ = {isa = PBXBuildFile; fileRef = 75ED047C29992F9F0017F08D /* Roboto-Regular.ttf */; };
		75ED048F29992FA00017F08D /* RobotoCondensed-Regular.ttf in Resources */ = {isa = PBXBuildFile; fileRef = 75ED047D29992F9F0017F08D /* RobotoCondensed-Regular.ttf */; };
		75ED049029992FA00017F08D /* RobotoCondensed-BoldItalic.ttf in Resources */ = {isa = PBXBuildFile; fileRef = 75ED047E29992F9F0017F08D /* RobotoCondensed-BoldItalic.ttf */; };
		75ED049129992FA00017F08D /* Roboto-Italic.ttf in Resources */ = {isa = PBXBuildFile; fileRef = 75ED047F29992F9F0017F08D /* Roboto-Italic.ttf */; };
		75ED049229992FA00017F08D /* Roboto-LightItalic.ttf in Resources */ = {isa = PBXBuildFile; fileRef = 75ED048029992F9F0017F08D /* Roboto-LightItalic.ttf */; };
		75ED049329992FA00017F08D /* Roboto-ThinItalic.ttf in Resources */ = {isa = PBXBuildFile; fileRef = 75ED048129992FA00017F08D /* Roboto-ThinItalic.ttf */; };
		75ED049429992FA00017F08D /* RobotoCondensed-Bold.ttf in Resources */ = {isa = PBXBuildFile; fileRef = 75ED048229992FA00017F08D /* RobotoCondensed-Bold.ttf */; };
		75ED049529992FA00017F08D /* Roboto-Light.ttf in Resources */ = {isa = PBXBuildFile; fileRef = 75ED048329992FA00017F08D /* Roboto-Light.ttf */; };
		75ED0499299934A70017F08D /* Localizable.strings in Resources */ = {isa = PBXBuildFile; fileRef = 75ED049B299934A70017F08D /* Localizable.strings */; };
		75ED04A2299940A80017F08D /* HomeView.swift in Sources */ = {isa = PBXBuildFile; fileRef = 75ED04A1299940A80017F08D /* HomeView.swift */; };
		75ED04A429994C570017F08D /* PortfolioPerformanceOverview.swift in Sources */ = {isa = PBXBuildFile; fileRef = 75ED04A329994C570017F08D /* PortfolioPerformanceOverview.swift */; };
		75ED04A729994CE10017F08D /* LocalStorage.swift in Sources */ = {isa = PBXBuildFile; fileRef = 75ED04A629994CE10017F08D /* LocalStorage.swift */; };
		75ED04AA29994FEA0017F08D /* Currency.swift in Sources */ = {isa = PBXBuildFile; fileRef = 75ED04A929994FEA0017F08D /* Currency.swift */; };
/* End PBXBuildFile section */

/* Begin PBXContainerItemProxy section */
		7527DDF929941731008064FE /* PBXContainerItemProxy */ = {
			isa = PBXContainerItemProxy;
			containerPortal = 7527DDE02994172C008064FE /* Project object */;
			proxyType = 1;
			remoteGlobalIDString = 7527DDE72994172C008064FE;
			remoteInfo = StocksApp;
		};
		7527DE0329941731008064FE /* PBXContainerItemProxy */ = {
			isa = PBXContainerItemProxy;
			containerPortal = 7527DDE02994172C008064FE /* Project object */;
			proxyType = 1;
			remoteGlobalIDString = 7527DDE72994172C008064FE;
			remoteInfo = StocksApp;
		};
/* End PBXContainerItemProxy section */

/* Begin PBXFileReference section */
		1E37543FF52DF95CD502AD58 /* Pods_StocksAppTests.framework */ = {isa = PBXFileReference; explicitFileType = wrapper.framework; includeInIndex = 0; path = Pods_StocksAppTests.framework; sourceTree = BUILT_PRODUCTS_DIR; };
		3FE9EF51F35AD6BC582259C2 /* Pods-StocksAppTests.release.xcconfig */ = {isa = PBXFileReference; includeInIndex = 1; lastKnownFileType = text.xcconfig; name = "Pods-StocksAppTests.release.xcconfig"; path = "Target Support Files/Pods-StocksAppTests/Pods-StocksAppTests.release.xcconfig"; sourceTree = "<group>"; };
		4B1D838EF05B0F958BA6B910 /* Pods-StocksApp-StocksAppUITests.debug.xcconfig */ = {isa = PBXFileReference; includeInIndex = 1; lastKnownFileType = text.xcconfig; name = "Pods-StocksApp-StocksAppUITests.debug.xcconfig"; path = "Target Support Files/Pods-StocksApp-StocksAppUITests/Pods-StocksApp-StocksAppUITests.debug.xcconfig"; sourceTree = "<group>"; };
		4BB8F2390F6AC196AD9DE4FD /* Pods_StocksApp.framework */ = {isa = PBXFileReference; explicitFileType = wrapper.framework; includeInIndex = 0; path = Pods_StocksApp.framework; sourceTree = BUILT_PRODUCTS_DIR; };
		620C2DA9AD6AA4D3327C06EC /* Pods-StocksApp.release.xcconfig */ = {isa = PBXFileReference; includeInIndex = 1; lastKnownFileType = text.xcconfig; name = "Pods-StocksApp.release.xcconfig"; path = "Target Support Files/Pods-StocksApp/Pods-StocksApp.release.xcconfig"; sourceTree = "<group>"; };
		6C2C8184FC25DB995937100D /* Pods-StocksApp-StocksAppUITests.release.xcconfig */ = {isa = PBXFileReference; includeInIndex = 1; lastKnownFileType = text.xcconfig; name = "Pods-StocksApp-StocksAppUITests.release.xcconfig"; path = "Target Support Files/Pods-StocksApp-StocksAppUITests/Pods-StocksApp-StocksAppUITests.release.xcconfig"; sourceTree = "<group>"; };
		751E2783299C29EF00F65E82 /* R.generated.swift */ = {isa = PBXFileReference; fileEncoding = 4; lastKnownFileType = sourcecode.swift; path = R.generated.swift; sourceTree = "<group>"; };
		751E2787299C3AA100F65E82 /* PortfolioPerformanceChart.swift */ = {isa = PBXFileReference; lastKnownFileType = sourcecode.swift; path = PortfolioPerformanceChart.swift; sourceTree = "<group>"; };
		7527DDE82994172C008064FE /* StocksApp.app */ = {isa = PBXFileReference; explicitFileType = wrapper.application; includeInIndex = 0; path = StocksApp.app; sourceTree = BUILT_PRODUCTS_DIR; };
		7527DDEB2994172C008064FE /* StocksAppApp.swift */ = {isa = PBXFileReference; lastKnownFileType = sourcecode.swift; path = StocksAppApp.swift; sourceTree = "<group>"; };
		7527DDED2994172C008064FE /* ContentView.swift */ = {isa = PBXFileReference; lastKnownFileType = sourcecode.swift; path = ContentView.swift; sourceTree = "<group>"; };
		7527DDEF29941730008064FE /* Assets.xcassets */ = {isa = PBXFileReference; lastKnownFileType = folder.assetcatalog; path = Assets.xcassets; sourceTree = "<group>"; };
		7527DDF229941730008064FE /* Preview Assets.xcassets */ = {isa = PBXFileReference; lastKnownFileType = folder.assetcatalog; path = "Preview Assets.xcassets"; sourceTree = "<group>"; };
		7527DDF829941731008064FE /* StocksAppTests.xctest */ = {isa = PBXFileReference; explicitFileType = wrapper.cfbundle; includeInIndex = 0; path = StocksAppTests.xctest; sourceTree = BUILT_PRODUCTS_DIR; };
		7527DDFC29941731008064FE /* StocksAppTests.swift */ = {isa = PBXFileReference; lastKnownFileType = sourcecode.swift; path = StocksAppTests.swift; sourceTree = "<group>"; };
		7527DE0229941731008064FE /* StocksAppUITests.xctest */ = {isa = PBXFileReference; explicitFileType = wrapper.cfbundle; includeInIndex = 0; path = StocksAppUITests.xctest; sourceTree = BUILT_PRODUCTS_DIR; };
		7527DE0629941731008064FE /* StocksAppUITests.swift */ = {isa = PBXFileReference; lastKnownFileType = sourcecode.swift; path = StocksAppUITests.swift; sourceTree = "<group>"; };
		7527DE0829941731008064FE /* StocksAppUITestsLaunchTests.swift */ = {isa = PBXFileReference; lastKnownFileType = sourcecode.swift; path = StocksAppUITestsLaunchTests.swift; sourceTree = "<group>"; };
		7527DE16299418C5008064FE /* NetworkManager.swift */ = {isa = PBXFileReference; lastKnownFileType = sourcecode.swift; path = NetworkManager.swift; sourceTree = "<group>"; };
		7527DE1929941CE6008064FE /* SearchRepo.swift */ = {isa = PBXFileReference; lastKnownFileType = sourcecode.swift; path = SearchRepo.swift; sourceTree = "<group>"; };
		7527DE1C2994200D008064FE /* SearchSymbol.swift */ = {isa = PBXFileReference; lastKnownFileType = sourcecode.swift; path = SearchSymbol.swift; sourceTree = "<group>"; };
		7527DE1E29942133008064FE /* Constants.swift */ = {isa = PBXFileReference; lastKnownFileType = sourcecode.swift; path = Constants.swift; sourceTree = "<group>"; };
		7527DE2229943502008064FE /* SearchViewModel.swift */ = {isa = PBXFileReference; lastKnownFileType = sourcecode.swift; path = SearchViewModel.swift; sourceTree = "<group>"; };
		7527DE2529944963008064FE /* SearchSymbolResponse.swift */ = {isa = PBXFileReference; lastKnownFileType = sourcecode.swift; path = SearchSymbolResponse.swift; sourceTree = "<group>"; };
		7527DE2729945C3B008064FE /* StockView.swift */ = {isa = PBXFileReference; lastKnownFileType = sourcecode.swift; path = StockView.swift; sourceTree = "<group>"; };
		7527DE2A2994613B008064FE /* StockViewViewModel.swift */ = {isa = PBXFileReference; lastKnownFileType = sourcecode.swift; path = StockViewViewModel.swift; sourceTree = "<group>"; };
		7527DE2C2994616F008064FE /* CompanyRepo.swift */ = {isa = PBXFileReference; lastKnownFileType = sourcecode.swift; path = CompanyRepo.swift; sourceTree = "<group>"; };
		7527DE2F299463E4008064FE /* CompanyProfile.swift */ = {isa = PBXFileReference; lastKnownFileType = sourcecode.swift; path = CompanyProfile.swift; sourceTree = "<group>"; };
		756A4F602999763C003F13F7 /* PortofolioPerformanceViewModel.swift */ = {isa = PBXFileReference; lastKnownFileType = sourcecode.swift; path = PortofolioPerformanceViewModel.swift; sourceTree = "<group>"; };
		756A4F632999766A003F13F7 /* CurrencyFormatter.swift */ = {isa = PBXFileReference; lastKnownFileType = sourcecode.swift; path = CurrencyFormatter.swift; sourceTree = "<group>"; };
		756A4F6629997F4E003F13F7 /* UtilsContainer.swift */ = {isa = PBXFileReference; lastKnownFileType = sourcecode.swift; path = UtilsContainer.swift; sourceTree = "<group>"; };
		756A4F6929998B28003F13F7 /* PortofolioPerformanceOverviewModel.swift */ = {isa = PBXFileReference; lastKnownFileType = sourcecode.swift; path = PortofolioPerformanceOverviewModel.swift; sourceTree = "<group>"; };
		756A4F6C29999272003F13F7 /* ShimmerModifier.swift */ = {isa = PBXFileReference; lastKnownFileType = sourcecode.swift; path = ShimmerModifier.swift; sourceTree = "<group>"; };
		756A4F7229999563003F13F7 /* PortfolioOverviewPerformanceChange.swift */ = {isa = PBXFileReference; lastKnownFileType = sourcecode.swift; path = PortfolioOverviewPerformanceChange.swift; sourceTree = "<group>"; };
		756A4F74299997A8003F13F7 /* Colors.swift */ = {isa = PBXFileReference; lastKnownFileType = sourcecode.swift; path = Colors.swift; sourceTree = "<group>"; };
		756A4F76299A6974003F13F7 /* PortfolioRepo.swift */ = {isa = PBXFileReference; lastKnownFileType = sourcecode.swift; path = PortfolioRepo.swift; sourceTree = "<group>"; };
		756A4F78299A6A1C003F13F7 /* NetworkContainer.swift */ = {isa = PBXFileReference; lastKnownFileType = sourcecode.swift; path = NetworkContainer.swift; sourceTree = "<group>"; };
		756A4F7A299AEBA9003F13F7 /* PortfolioModel.swift */ = {isa = PBXFileReference; lastKnownFileType = sourcecode.swift; path = PortfolioModel.swift; sourceTree = "<group>"; };
		756A4F7C299AED9C003F13F7 /* GoogleService-Info.plist */ = {isa = PBXFileReference; fileEncoding = 4; lastKnownFileType = text.plist.xml; path = "GoogleService-Info.plist"; sourceTree = "<group>"; };
		756A4F8D299B0CC4003F13F7 /* Errors.swift */ = {isa = PBXFileReference; lastKnownFileType = sourcecode.swift; path = Errors.swift; sourceTree = "<group>"; };
		756A4F8F299B1198003F13F7 /* FinancialItemsWatcher.swift */ = {isa = PBXFileReference; lastKnownFileType = sourcecode.swift; path = FinancialItemsWatcher.swift; sourceTree = "<group>"; };
		7592B5A0299BDC4E002ECC78 /* FinancialWSUpdate.swift */ = {isa = PBXFileReference; lastKnownFileType = sourcecode.swift; path = FinancialWSUpdate.swift; sourceTree = "<group>"; };
		7592B5A3299BDDA3002ECC78 /* UpdateResponse.swift */ = {isa = PBXFileReference; lastKnownFileType = sourcecode.swift; path = UpdateResponse.swift; sourceTree = "<group>"; };
		7592B5A7299BF67F002ECC78 /* PortfolioPerformanceHistoryEntry.swift */ = {isa = PBXFileReference; lastKnownFileType = sourcecode.swift; path = PortfolioPerformanceHistoryEntry.swift; sourceTree = "<group>"; };
		75D579AE299D12C000FE4124 /* HomePortofolioItemsOverview.swift */ = {isa = PBXFileReference; lastKnownFileType = sourcecode.swift; path = HomePortofolioItemsOverview.swift; sourceTree = "<group>"; };
		75D579B0299D152600FE4124 /* HomePortfolioItemsViewModel.swift */ = {isa = PBXFileReference; lastKnownFileType = sourcecode.swift; path = HomePortfolioItemsViewModel.swift; sourceTree = "<group>"; };
		75D579B2299D179C00FE4124 /* FinancialItem.swift */ = {isa = PBXFileReference; lastKnownFileType = sourcecode.swift; path = FinancialItem.swift; sourceTree = "<group>"; };
		75D579B4299D40B000FE4124 /* HomePortfolioItemOverview.swift */ = {isa = PBXFileReference; lastKnownFileType = sourcecode.swift; path = HomePortfolioItemOverview.swift; sourceTree = "<group>"; };
		75D579B6299D73B800FE4124 /* HomePortfolioItem.swift */ = {isa = PBXFileReference; lastKnownFileType = sourcecode.swift; path = HomePortfolioItem.swift; sourceTree = "<group>"; };
		75D579B8299D818200FE4124 /* FinancialItemQuote.swift */ = {isa = PBXFileReference; lastKnownFileType = sourcecode.swift; path = FinancialItemQuote.swift; sourceTree = "<group>"; };
		75D579BA299D92D200FE4124 /* HomePortfolioItemChange.swift */ = {isa = PBXFileReference; lastKnownFileType = sourcecode.swift; path = HomePortfolioItemChange.swift; sourceTree = "<group>"; };
		75D579BC299D949000FE4124 /* DoubleUtils.swift */ = {isa = PBXFileReference; lastKnownFileType = sourcecode.swift; path = DoubleUtils.swift; sourceTree = "<group>"; };
		75ED046C29992D480017F08D /* WelcomeHeader.swift */ = {isa = PBXFileReference; lastKnownFileType = sourcecode.swift; path = WelcomeHeader.swift; sourceTree = "<group>"; };
		75ED046F29992E7F0017F08D /* UIStyles.swift */ = {isa = PBXFileReference; lastKnownFileType = sourcecode.swift; path = UIStyles.swift; sourceTree = "<group>"; };
		75ED047229992F9F0017F08D /* Roboto-Medium.ttf */ = {isa = PBXFileReference; lastKnownFileType = file; path = "Roboto-Medium.ttf"; sourceTree = "<group>"; };
		75ED047329992F9F0017F08D /* Roboto-BoldItalic.ttf */ = {isa = PBXFileReference; lastKnownFileType = file; path = "Roboto-BoldItalic.ttf"; sourceTree = "<group>"; };
		75ED047429992F9F0017F08D /* Roboto-Thin.ttf */ = {isa = PBXFileReference; lastKnownFileType = file; path = "Roboto-Thin.ttf"; sourceTree = "<group>"; };
		75ED047529992F9F0017F08D /* Roboto-MediumItalic.ttf */ = {isa = PBXFileReference; lastKnownFileType = file; path = "Roboto-MediumItalic.ttf"; sourceTree = "<group>"; };
		75ED047629992F9F0017F08D /* Roboto-Bold.ttf */ = {isa = PBXFileReference; lastKnownFileType = file; path = "Roboto-Bold.ttf"; sourceTree = "<group>"; };
		75ED047729992F9F0017F08D /* RobotoCondensed-Light.ttf */ = {isa = PBXFileReference; lastKnownFileType = file; path = "RobotoCondensed-Light.ttf"; sourceTree = "<group>"; };
		75ED047829992F9F0017F08D /* RobotoCondensed-LightItalic.ttf */ = {isa = PBXFileReference; lastKnownFileType = file; path = "RobotoCondensed-LightItalic.ttf"; sourceTree = "<group>"; };
		75ED047929992F9F0017F08D /* Roboto-Black.ttf */ = {isa = PBXFileReference; lastKnownFileType = file; path = "Roboto-Black.ttf"; sourceTree = "<group>"; };
		75ED047A29992F9F0017F08D /* Roboto-BlackItalic.ttf */ = {isa = PBXFileReference; lastKnownFileType = file; path = "Roboto-BlackItalic.ttf"; sourceTree = "<group>"; };
		75ED047B29992F9F0017F08D /* RobotoCondensed-Italic.ttf */ = {isa = PBXFileReference; lastKnownFileType = file; path = "RobotoCondensed-Italic.ttf"; sourceTree = "<group>"; };
		75ED047C29992F9F0017F08D /* Roboto-Regular.ttf */ = {isa = PBXFileReference; lastKnownFileType = file; path = "Roboto-Regular.ttf"; sourceTree = "<group>"; };
		75ED047D29992F9F0017F08D /* RobotoCondensed-Regular.ttf */ = {isa = PBXFileReference; lastKnownFileType = file; path = "RobotoCondensed-Regular.ttf"; sourceTree = "<group>"; };
		75ED047E29992F9F0017F08D /* RobotoCondensed-BoldItalic.ttf */ = {isa = PBXFileReference; lastKnownFileType = file; path = "RobotoCondensed-BoldItalic.ttf"; sourceTree = "<group>"; };
		75ED047F29992F9F0017F08D /* Roboto-Italic.ttf */ = {isa = PBXFileReference; lastKnownFileType = file; path = "Roboto-Italic.ttf"; sourceTree = "<group>"; };
		75ED048029992F9F0017F08D /* Roboto-LightItalic.ttf */ = {isa = PBXFileReference; lastKnownFileType = file; path = "Roboto-LightItalic.ttf"; sourceTree = "<group>"; };
		75ED048129992FA00017F08D /* Roboto-ThinItalic.ttf */ = {isa = PBXFileReference; lastKnownFileType = file; path = "Roboto-ThinItalic.ttf"; sourceTree = "<group>"; };
		75ED048229992FA00017F08D /* RobotoCondensed-Bold.ttf */ = {isa = PBXFileReference; lastKnownFileType = file; path = "RobotoCondensed-Bold.ttf"; sourceTree = "<group>"; };
		75ED048329992FA00017F08D /* Roboto-Light.ttf */ = {isa = PBXFileReference; lastKnownFileType = file; path = "Roboto-Light.ttf"; sourceTree = "<group>"; };
		75ED0496299930DC0017F08D /* Info.plist */ = {isa = PBXFileReference; lastKnownFileType = text.plist; path = Info.plist; sourceTree = "<group>"; };
		75ED049A299934A70017F08D /* en */ = {isa = PBXFileReference; lastKnownFileType = text.plist.strings; name = en; path = en.lproj/Localizable.strings; sourceTree = "<group>"; };
		75ED04A1299940A80017F08D /* HomeView.swift */ = {isa = PBXFileReference; lastKnownFileType = sourcecode.swift; path = HomeView.swift; sourceTree = "<group>"; };
		75ED04A329994C570017F08D /* PortfolioPerformanceOverview.swift */ = {isa = PBXFileReference; lastKnownFileType = sourcecode.swift; path = PortfolioPerformanceOverview.swift; sourceTree = "<group>"; };
		75ED04A629994CE10017F08D /* LocalStorage.swift */ = {isa = PBXFileReference; lastKnownFileType = sourcecode.swift; path = LocalStorage.swift; sourceTree = "<group>"; };
		75ED04A929994FEA0017F08D /* Currency.swift */ = {isa = PBXFileReference; lastKnownFileType = sourcecode.swift; path = Currency.swift; sourceTree = "<group>"; };
		7F0FEBE2666162FFD5D3E9D0 /* Pods-StocksAppTests.debug.xcconfig */ = {isa = PBXFileReference; includeInIndex = 1; lastKnownFileType = text.xcconfig; name = "Pods-StocksAppTests.debug.xcconfig"; path = "Target Support Files/Pods-StocksAppTests/Pods-StocksAppTests.debug.xcconfig"; sourceTree = "<group>"; };
		EF398B166F120587A7DC7C8E /* Pods_StocksApp_StocksAppUITests.framework */ = {isa = PBXFileReference; explicitFileType = wrapper.framework; includeInIndex = 0; path = Pods_StocksApp_StocksAppUITests.framework; sourceTree = BUILT_PRODUCTS_DIR; };
		FE055DE3A667DDF2A76D31C5 /* Pods-StocksApp.debug.xcconfig */ = {isa = PBXFileReference; includeInIndex = 1; lastKnownFileType = text.xcconfig; name = "Pods-StocksApp.debug.xcconfig"; path = "Target Support Files/Pods-StocksApp/Pods-StocksApp.debug.xcconfig"; sourceTree = "<group>"; };
/* End PBXFileReference section */

/* Begin PBXFrameworksBuildPhase section */
		7527DDE52994172C008064FE /* Frameworks */ = {
			isa = PBXFrameworksBuildPhase;
			buildActionMask = 2147483647;
			files = (
				756A4F8A299AEEA2003F13F7 /* FirebasePerformance in Frameworks */,
				756A4F702999947B003F13F7 /* Shimmer in Frameworks */,
				756A4F84299AEEA2003F13F7 /* FirebaseCrashlytics in Frameworks */,
				756A4F88299AEEA2003F13F7 /* FirebaseFirestoreCombine-Community in Frameworks */,
				756A4F86299AEEA2003F13F7 /* FirebaseFirestore in Frameworks */,
				756A4F82299AEEA2003F13F7 /* FirebaseAnalytics in Frameworks */,
				756A4F8C299AEEA2003F13F7 /* FirebaseRemoteConfig in Frameworks */,
				756A4F93299B12AB003F13F7 /* Starscream in Frameworks */,
				43DF66BB3FAEAEC27F06F290 /* Pods_StocksApp.framework in Frameworks */,
			);
			runOnlyForDeploymentPostprocessing = 0;
		};
		7527DDF529941731008064FE /* Frameworks */ = {
			isa = PBXFrameworksBuildPhase;
			buildActionMask = 2147483647;
			files = (
				7043599E772214E4DE105891 /* Pods_StocksAppTests.framework in Frameworks */,
			);
			runOnlyForDeploymentPostprocessing = 0;
		};
		7527DDFF29941731008064FE /* Frameworks */ = {
			isa = PBXFrameworksBuildPhase;
			buildActionMask = 2147483647;
			files = (
				5D0794F197BF2310753C5F85 /* Pods_StocksApp_StocksAppUITests.framework in Frameworks */,
			);
			runOnlyForDeploymentPostprocessing = 0;
		};
/* End PBXFrameworksBuildPhase section */

/* Begin PBXGroup section */
		7527DDDF2994172C008064FE = {
			isa = PBXGroup;
			children = (
				751E2783299C29EF00F65E82 /* R.generated.swift */,
				756A4F7C299AED9C003F13F7 /* GoogleService-Info.plist */,
				75ED049B299934A70017F08D /* Localizable.strings */,
				7527DDEA2994172C008064FE /* StocksApp */,
				7527DDFB29941731008064FE /* StocksAppTests */,
				7527DE0529941731008064FE /* StocksAppUITests */,
				7527DDE92994172C008064FE /* Products */,
				DD7749B63C9758E27A94B7C9 /* Pods */,
				84B142F2ECA53B5D2BD449AC /* Frameworks */,
			);
			sourceTree = "<group>";
		};
		7527DDE92994172C008064FE /* Products */ = {
			isa = PBXGroup;
			children = (
				7527DDE82994172C008064FE /* StocksApp.app */,
				7527DDF829941731008064FE /* StocksAppTests.xctest */,
				7527DE0229941731008064FE /* StocksAppUITests.xctest */,
			);
			name = Products;
			sourceTree = "<group>";
		};
		7527DDEA2994172C008064FE /* StocksApp */ = {
			isa = PBXGroup;
			children = (
				756A4F6529997F39003F13F7 /* DI */,
				756A4F6229997657003F13F7 /* Utils */,
				75ED04A829994FDA0017F08D /* Models */,
				75ED04A529994CA80017F08D /* Storage */,
				75ED0496299930DC0017F08D /* Info.plist */,
				7527DE20299434D9008064FE /* UI */,
				7527DE15299418AD008064FE /* Engine */,
				7527DDEB2994172C008064FE /* StocksAppApp.swift */,
				7527DDED2994172C008064FE /* ContentView.swift */,
				7527DDEF29941730008064FE /* Assets.xcassets */,
				7527DDF129941730008064FE /* Preview Content */,
				756A4F8F299B1198003F13F7 /* FinancialItemsWatcher.swift */,
			);
			path = StocksApp;
			sourceTree = "<group>";
		};
		7527DDF129941730008064FE /* Preview Content */ = {
			isa = PBXGroup;
			children = (
				7527DDF229941730008064FE /* Preview Assets.xcassets */,
			);
			path = "Preview Content";
			sourceTree = "<group>";
		};
		7527DDFB29941731008064FE /* StocksAppTests */ = {
			isa = PBXGroup;
			children = (
				7527DDFC29941731008064FE /* StocksAppTests.swift */,
			);
			path = StocksAppTests;
			sourceTree = "<group>";
		};
		7527DE0529941731008064FE /* StocksAppUITests */ = {
			isa = PBXGroup;
			children = (
				7527DE0629941731008064FE /* StocksAppUITests.swift */,
				7527DE0829941731008064FE /* StocksAppUITestsLaunchTests.swift */,
			);
			path = StocksAppUITests;
			sourceTree = "<group>";
		};
		7527DE15299418AD008064FE /* Engine */ = {
			isa = PBXGroup;
			children = (
				7527DE1B29941F2C008064FE /* Models */,
				7527DE1829941CB2008064FE /* Repos */,
				7527DE16299418C5008064FE /* NetworkManager.swift */,
			);
			path = Engine;
			sourceTree = "<group>";
		};
		7527DE1829941CB2008064FE /* Repos */ = {
			isa = PBXGroup;
			children = (
				7527DE1929941CE6008064FE /* SearchRepo.swift */,
				7527DE2C2994616F008064FE /* CompanyRepo.swift */,
				756A4F76299A6974003F13F7 /* PortfolioRepo.swift */,
			);
			path = Repos;
			sourceTree = "<group>";
		};
		7527DE1B29941F2C008064FE /* Models */ = {
			isa = PBXGroup;
			children = (
				7592B5A2299BDD64002ECC78 /* Updates */,
				756A4F6829998B05003F13F7 /* Portofolio */,
				7527DE2E29946363008064FE /* Company */,
				7527DE2429944943008064FE /* Search */,
				7527DE1C2994200D008064FE /* SearchSymbol.swift */,
				7527DE1E29942133008064FE /* Constants.swift */,
				7592B5A0299BDC4E002ECC78 /* FinancialWSUpdate.swift */,
			);
			path = Models;
			sourceTree = "<group>";
		};
		7527DE20299434D9008064FE /* UI */ = {
			isa = PBXGroup;
			children = (
				756A4F6B2999925E003F13F7 /* Custom */,
				75ED047129992F840017F08D /* fonts */,
				75ED046E29992E5F0017F08D /* Design */,
				75ED046B29992D2C0017F08D /* Home */,
				7527DE292994608F008064FE /* FinancialItemView */,
				7527DE21299434EB008064FE /* Search */,
			);
			path = UI;
			sourceTree = "<group>";
		};
		7527DE21299434EB008064FE /* Search */ = {
			isa = PBXGroup;
			children = (
				7527DE2229943502008064FE /* SearchViewModel.swift */,
			);
			path = Search;
			sourceTree = "<group>";
		};
		7527DE2429944943008064FE /* Search */ = {
			isa = PBXGroup;
			children = (
				7527DE2529944963008064FE /* SearchSymbolResponse.swift */,
			);
			path = Search;
			sourceTree = "<group>";
		};
		7527DE292994608F008064FE /* FinancialItemView */ = {
			isa = PBXGroup;
			children = (
				7527DE2729945C3B008064FE /* StockView.swift */,
				7527DE2A2994613B008064FE /* StockViewViewModel.swift */,
			);
			path = FinancialItemView;
			sourceTree = "<group>";
		};
		7527DE2E29946363008064FE /* Company */ = {
			isa = PBXGroup;
			children = (
				7527DE2F299463E4008064FE /* CompanyProfile.swift */,
			);
			path = Company;
			sourceTree = "<group>";
		};
		756A4F6229997657003F13F7 /* Utils */ = {
			isa = PBXGroup;
			children = (
				756A4F632999766A003F13F7 /* CurrencyFormatter.swift */,
			);
			path = Utils;
			sourceTree = "<group>";
		};
		756A4F6529997F39003F13F7 /* DI */ = {
			isa = PBXGroup;
			children = (
				756A4F6629997F4E003F13F7 /* UtilsContainer.swift */,
				756A4F78299A6A1C003F13F7 /* NetworkContainer.swift */,
				75D579BC299D949000FE4124 /* DoubleUtils.swift */,
			);
			path = DI;
			sourceTree = "<group>";
		};
		756A4F6829998B05003F13F7 /* Portofolio */ = {
			isa = PBXGroup;
			children = (
				756A4F6929998B28003F13F7 /* PortofolioPerformanceOverviewModel.swift */,
				756A4F7A299AEBA9003F13F7 /* PortfolioModel.swift */,
				7592B5A7299BF67F002ECC78 /* PortfolioPerformanceHistoryEntry.swift */,
			);
			path = Portofolio;
			sourceTree = "<group>";
		};
		756A4F6B2999925E003F13F7 /* Custom */ = {
			isa = PBXGroup;
			children = (
				756A4F6C29999272003F13F7 /* ShimmerModifier.swift */,
			);
			path = Custom;
			sourceTree = "<group>";
		};
		756A4F7129999544003F13F7 /* PortofolioOverview */ = {
			isa = PBXGroup;
			children = (
				75ED04A329994C570017F08D /* PortfolioPerformanceOverview.swift */,
				756A4F602999763C003F13F7 /* PortofolioPerformanceViewModel.swift */,
				756A4F7229999563003F13F7 /* PortfolioOverviewPerformanceChange.swift */,
				751E2787299C3AA100F65E82 /* PortfolioPerformanceChart.swift */,
			);
			path = PortofolioOverview;
			sourceTree = "<group>";
		};
		7592B5A2299BDD64002ECC78 /* Updates */ = {
			isa = PBXGroup;
			children = (
				7592B5A3299BDDA3002ECC78 /* UpdateResponse.swift */,
				75D579B8299D818200FE4124 /* FinancialItemQuote.swift */,
			);
			path = Updates;
			sourceTree = "<group>";
		};
		75D579AD299D129A00FE4124 /* PotofolioItemsOverview */ = {
			isa = PBXGroup;
			children = (
				75D579AE299D12C000FE4124 /* HomePortofolioItemsOverview.swift */,
				75D579B0299D152600FE4124 /* HomePortfolioItemsViewModel.swift */,
				75D579B4299D40B000FE4124 /* HomePortfolioItemOverview.swift */,
				75D579B6299D73B800FE4124 /* HomePortfolioItem.swift */,
				75D579BA299D92D200FE4124 /* HomePortfolioItemChange.swift */,
			);
			path = PotofolioItemsOverview;
			sourceTree = "<group>";
		};
		75ED046B29992D2C0017F08D /* Home */ = {
			isa = PBXGroup;
			children = (
				75D579AD299D129A00FE4124 /* PotofolioItemsOverview */,
				756A4F7129999544003F13F7 /* PortofolioOverview */,
				75ED046C29992D480017F08D /* WelcomeHeader.swift */,
				75ED04A1299940A80017F08D /* HomeView.swift */,
			);
			path = Home;
			sourceTree = "<group>";
		};
		75ED046E29992E5F0017F08D /* Design */ = {
			isa = PBXGroup;
			children = (
				75ED046F29992E7F0017F08D /* UIStyles.swift */,
				756A4F74299997A8003F13F7 /* Colors.swift */,
			);
			path = Design;
			sourceTree = "<group>";
		};
		75ED047129992F840017F08D /* fonts */ = {
			isa = PBXGroup;
			children = (
				75ED047929992F9F0017F08D /* Roboto-Black.ttf */,
				75ED047A29992F9F0017F08D /* Roboto-BlackItalic.ttf */,
				75ED047629992F9F0017F08D /* Roboto-Bold.ttf */,
				75ED047329992F9F0017F08D /* Roboto-BoldItalic.ttf */,
				75ED047F29992F9F0017F08D /* Roboto-Italic.ttf */,
				75ED048329992FA00017F08D /* Roboto-Light.ttf */,
				75ED048029992F9F0017F08D /* Roboto-LightItalic.ttf */,
				75ED047229992F9F0017F08D /* Roboto-Medium.ttf */,
				75ED047529992F9F0017F08D /* Roboto-MediumItalic.ttf */,
				75ED047C29992F9F0017F08D /* Roboto-Regular.ttf */,
				75ED047429992F9F0017F08D /* Roboto-Thin.ttf */,
				75ED048129992FA00017F08D /* Roboto-ThinItalic.ttf */,
				75ED048229992FA00017F08D /* RobotoCondensed-Bold.ttf */,
				75ED047E29992F9F0017F08D /* RobotoCondensed-BoldItalic.ttf */,
				75ED047B29992F9F0017F08D /* RobotoCondensed-Italic.ttf */,
				75ED047729992F9F0017F08D /* RobotoCondensed-Light.ttf */,
				75ED047829992F9F0017F08D /* RobotoCondensed-LightItalic.ttf */,
				75ED047D29992F9F0017F08D /* RobotoCondensed-Regular.ttf */,
			);
			path = fonts;
			sourceTree = "<group>";
		};
		75ED04A529994CA80017F08D /* Storage */ = {
			isa = PBXGroup;
			children = (
				75ED04A629994CE10017F08D /* LocalStorage.swift */,
			);
			path = Storage;
			sourceTree = "<group>";
		};
		75ED04A829994FDA0017F08D /* Models */ = {
			isa = PBXGroup;
			children = (
				75ED04A929994FEA0017F08D /* Currency.swift */,
				756A4F8D299B0CC4003F13F7 /* Errors.swift */,
				75D579B2299D179C00FE4124 /* FinancialItem.swift */,
			);
			path = Models;
			sourceTree = "<group>";
		};
		84B142F2ECA53B5D2BD449AC /* Frameworks */ = {
			isa = PBXGroup;
			children = (
				4BB8F2390F6AC196AD9DE4FD /* Pods_StocksApp.framework */,
				EF398B166F120587A7DC7C8E /* Pods_StocksApp_StocksAppUITests.framework */,
				1E37543FF52DF95CD502AD58 /* Pods_StocksAppTests.framework */,
			);
			name = Frameworks;
			sourceTree = "<group>";
		};
		DD7749B63C9758E27A94B7C9 /* Pods */ = {
			isa = PBXGroup;
			children = (
				FE055DE3A667DDF2A76D31C5 /* Pods-StocksApp.debug.xcconfig */,
				620C2DA9AD6AA4D3327C06EC /* Pods-StocksApp.release.xcconfig */,
				4B1D838EF05B0F958BA6B910 /* Pods-StocksApp-StocksAppUITests.debug.xcconfig */,
				6C2C8184FC25DB995937100D /* Pods-StocksApp-StocksAppUITests.release.xcconfig */,
				7F0FEBE2666162FFD5D3E9D0 /* Pods-StocksAppTests.debug.xcconfig */,
				3FE9EF51F35AD6BC582259C2 /* Pods-StocksAppTests.release.xcconfig */,
			);
			path = Pods;
			sourceTree = "<group>";
		};
/* End PBXGroup section */

/* Begin PBXNativeTarget section */
		7527DDE72994172C008064FE /* StocksApp */ = {
			isa = PBXNativeTarget;
			buildConfigurationList = 7527DE0C29941731008064FE /* Build configuration list for PBXNativeTarget "StocksApp" */;
			buildPhases = (
				BE9EC5AFE43FDC36B40F87D3 /* [CP] Check Pods Manifest.lock */,
				75ED049C299938700017F08D /* ShellScript */,
				7527DDE42994172C008064FE /* Sources */,
				7527DDE52994172C008064FE /* Frameworks */,
				7527DDE62994172C008064FE /* Resources */,
				751E2782299C29B300F65E82 /* ShellScript */,
				1FAA6965CB00824A473A4FCA /* [CP] Embed Pods Frameworks */,
			);
			buildRules = (
			);
			dependencies = (
				751E2780299C214200F65E82 /* PBXTargetDependency */,
			);
			name = StocksApp;
			packageProductDependencies = (
				756A4F6F2999947B003F13F7 /* Shimmer */,
				756A4F81299AEEA2003F13F7 /* FirebaseAnalytics */,
				756A4F83299AEEA2003F13F7 /* FirebaseCrashlytics */,
				756A4F85299AEEA2003F13F7 /* FirebaseFirestore */,
				756A4F87299AEEA2003F13F7 /* FirebaseFirestoreCombine-Community */,
				756A4F89299AEEA2003F13F7 /* FirebasePerformance */,
				756A4F8B299AEEA2003F13F7 /* FirebaseRemoteConfig */,
				756A4F92299B12AB003F13F7 /* Starscream */,
			);
			productName = StocksApp;
			productReference = 7527DDE82994172C008064FE /* StocksApp.app */;
			productType = "com.apple.product-type.application";
		};
		7527DDF729941731008064FE /* StocksAppTests */ = {
			isa = PBXNativeTarget;
			buildConfigurationList = 7527DE0F29941731008064FE /* Build configuration list for PBXNativeTarget "StocksAppTests" */;
			buildPhases = (
				F4FBE1103E57939B5F3E16CC /* [CP] Check Pods Manifest.lock */,
				7527DDF429941731008064FE /* Sources */,
				7527DDF529941731008064FE /* Frameworks */,
				7527DDF629941731008064FE /* Resources */,
			);
			buildRules = (
			);
			dependencies = (
				7527DDFA29941731008064FE /* PBXTargetDependency */,
			);
			name = StocksAppTests;
			productName = StocksAppTests;
			productReference = 7527DDF829941731008064FE /* StocksAppTests.xctest */;
			productType = "com.apple.product-type.bundle.unit-test";
		};
		7527DE0129941731008064FE /* StocksAppUITests */ = {
			isa = PBXNativeTarget;
			buildConfigurationList = 7527DE1229941731008064FE /* Build configuration list for PBXNativeTarget "StocksAppUITests" */;
			buildPhases = (
				9802EE6E7391E16C0BE881D4 /* [CP] Check Pods Manifest.lock */,
				7527DDFE29941731008064FE /* Sources */,
				7527DDFF29941731008064FE /* Frameworks */,
				7527DE0029941731008064FE /* Resources */,
				ED9A241C841FF0C6B104E0D3 /* [CP] Embed Pods Frameworks */,
			);
			buildRules = (
			);
			dependencies = (
				7527DE0429941731008064FE /* PBXTargetDependency */,
			);
			name = StocksAppUITests;
			productName = StocksAppUITests;
			productReference = 7527DE0229941731008064FE /* StocksAppUITests.xctest */;
			productType = "com.apple.product-type.bundle.ui-testing";
		};
/* End PBXNativeTarget section */

/* Begin PBXProject section */
		7527DDE02994172C008064FE /* Project object */ = {
			isa = PBXProject;
			attributes = {
				BuildIndependentTargetsInParallel = 1;
				LastSwiftUpdateCheck = 1420;
				LastUpgradeCheck = 1420;
				TargetAttributes = {
					7527DDE72994172C008064FE = {
						CreatedOnToolsVersion = 14.2;
					};
					7527DDF729941731008064FE = {
						CreatedOnToolsVersion = 14.2;
						TestTargetID = 7527DDE72994172C008064FE;
					};
					7527DE0129941731008064FE = {
						CreatedOnToolsVersion = 14.2;
						TestTargetID = 7527DDE72994172C008064FE;
					};
				};
			};
			buildConfigurationList = 7527DDE32994172C008064FE /* Build configuration list for PBXProject "StocksApp" */;
			compatibilityVersion = "Xcode 13.0";
			developmentRegion = en;
			hasScannedForEncodings = 0;
			knownRegions = (
				en,
				Base,
			);
			mainGroup = 7527DDDF2994172C008064FE;
			packageReferences = (
				756A4F6E2999947B003F13F7 /* XCRemoteSwiftPackageReference "SwiftUI-Shimmer" */,
				756A4F80299AEEA2003F13F7 /* XCRemoteSwiftPackageReference "firebase-ios-sdk" */,
				756A4F91299B12AB003F13F7 /* XCRemoteSwiftPackageReference "Starscream" */,
			);
			productRefGroup = 7527DDE92994172C008064FE /* Products */;
			projectDirPath = "";
			projectRoot = "";
			targets = (
				7527DDE72994172C008064FE /* StocksApp */,
				7527DDF729941731008064FE /* StocksAppTests */,
				7527DE0129941731008064FE /* StocksAppUITests */,
			);
		};
/* End PBXProject section */

/* Begin PBXResourcesBuildPhase section */
		7527DDE62994172C008064FE /* Resources */ = {
			isa = PBXResourcesBuildPhase;
			buildActionMask = 2147483647;
			files = (
				75ED049429992FA00017F08D /* RobotoCondensed-Bold.ttf in Resources */,
				75ED048A29992FA00017F08D /* RobotoCondensed-LightItalic.ttf in Resources */,
				75ED049529992FA00017F08D /* Roboto-Light.ttf in Resources */,
				75ED048829992FA00017F08D /* Roboto-Bold.ttf in Resources */,
				75ED048F29992FA00017F08D /* RobotoCondensed-Regular.ttf in Resources */,
				7527DDF329941730008064FE /* Preview Assets.xcassets in Resources */,
				75ED048929992FA00017F08D /* RobotoCondensed-Light.ttf in Resources */,
				75ED049129992FA00017F08D /* Roboto-Italic.ttf in Resources */,
				75ED049329992FA00017F08D /* Roboto-ThinItalic.ttf in Resources */,
				75ED049029992FA00017F08D /* RobotoCondensed-BoldItalic.ttf in Resources */,
				75ED0499299934A70017F08D /* Localizable.strings in Resources */,
				7527DDF029941730008064FE /* Assets.xcassets in Resources */,
				75ED048D29992FA00017F08D /* RobotoCondensed-Italic.ttf in Resources */,
				75ED048529992FA00017F08D /* Roboto-BoldItalic.ttf in Resources */,
				75ED048C29992FA00017F08D /* Roboto-BlackItalic.ttf in Resources */,
				75ED049229992FA00017F08D /* Roboto-LightItalic.ttf in Resources */,
				75ED048629992FA00017F08D /* Roboto-Thin.ttf in Resources */,
				75ED048B29992FA00017F08D /* Roboto-Black.ttf in Resources */,
				75ED048E29992FA00017F08D /* Roboto-Regular.ttf in Resources */,
				756A4F7D299AED9C003F13F7 /* GoogleService-Info.plist in Resources */,
				75ED048729992FA00017F08D /* Roboto-MediumItalic.ttf in Resources */,
				75ED048429992FA00017F08D /* Roboto-Medium.ttf in Resources */,
			);
			runOnlyForDeploymentPostprocessing = 0;
		};
		7527DDF629941731008064FE /* Resources */ = {
			isa = PBXResourcesBuildPhase;
			buildActionMask = 2147483647;
			files = (
				756A4F7E299AED9C003F13F7 /* GoogleService-Info.plist in Resources */,
			);
			runOnlyForDeploymentPostprocessing = 0;
		};
		7527DE0029941731008064FE /* Resources */ = {
			isa = PBXResourcesBuildPhase;
			buildActionMask = 2147483647;
			files = (
				756A4F7F299AED9C003F13F7 /* GoogleService-Info.plist in Resources */,
			);
			runOnlyForDeploymentPostprocessing = 0;
		};
/* End PBXResourcesBuildPhase section */

/* Begin PBXShellScriptBuildPhase section */
		1FAA6965CB00824A473A4FCA /* [CP] Embed Pods Frameworks */ = {
			isa = PBXShellScriptBuildPhase;
			buildActionMask = 2147483647;
			files = (
			);
			inputFileListPaths = (
				"${PODS_ROOT}/Target Support Files/Pods-StocksApp/Pods-StocksApp-frameworks-${CONFIGURATION}-input-files.xcfilelist",
			);
			name = "[CP] Embed Pods Frameworks";
			outputFileListPaths = (
				"${PODS_ROOT}/Target Support Files/Pods-StocksApp/Pods-StocksApp-frameworks-${CONFIGURATION}-output-files.xcfilelist",
			);
			runOnlyForDeploymentPostprocessing = 0;
			shellPath = /bin/sh;
			shellScript = "\"${PODS_ROOT}/Target Support Files/Pods-StocksApp/Pods-StocksApp-frameworks.sh\"\n";
			showEnvVarsInLog = 0;
		};
		751E2782299C29B300F65E82 /* ShellScript */ = {
			isa = PBXShellScriptBuildPhase;
			buildActionMask = 2147483647;
			files = (
			);
			inputFileListPaths = (
			);
			inputPaths = (
			);
			outputFileListPaths = (
			);
			outputPaths = (
			);
			runOnlyForDeploymentPostprocessing = 0;
			shellPath = /bin/sh;
			shellScript = "# Type a script or drag a script file from your workspace to insert its path.\n";
		};
		75ED049C299938700017F08D /* ShellScript */ = {
			isa = PBXShellScriptBuildPhase;
			alwaysOutOfDate = 1;
			buildActionMask = 2147483647;
			files = (
			);
			inputFileListPaths = (
			);
			inputPaths = (
				"$TEMP_DIR/rswift-lastrun",
			);
			outputFileListPaths = (
			);
			outputPaths = (
				$SRCROOT/R.generated.swift,
			);
			runOnlyForDeploymentPostprocessing = 0;
			shellPath = /bin/sh;
			shellScript = "# Type a script or drag a script file from your workspace to insert its path.\n\"$PODS_ROOT/R.swift/rswift\" generate \"$SRCROOT/R.generated.swift\"\n";
		};
		9802EE6E7391E16C0BE881D4 /* [CP] Check Pods Manifest.lock */ = {
			isa = PBXShellScriptBuildPhase;
			buildActionMask = 2147483647;
			files = (
			);
			inputFileListPaths = (
			);
			inputPaths = (
				"${PODS_PODFILE_DIR_PATH}/Podfile.lock",
				"${PODS_ROOT}/Manifest.lock",
			);
			name = "[CP] Check Pods Manifest.lock";
			outputFileListPaths = (
			);
			outputPaths = (
				"$(DERIVED_FILE_DIR)/Pods-StocksApp-StocksAppUITests-checkManifestLockResult.txt",
			);
			runOnlyForDeploymentPostprocessing = 0;
			shellPath = /bin/sh;
			shellScript = "diff \"${PODS_PODFILE_DIR_PATH}/Podfile.lock\" \"${PODS_ROOT}/Manifest.lock\" > /dev/null\nif [ $? != 0 ] ; then\n    # print error to STDERR\n    echo \"error: The sandbox is not in sync with the Podfile.lock. Run 'pod install' or update your CocoaPods installation.\" >&2\n    exit 1\nfi\n# This output is used by Xcode 'outputs' to avoid re-running this script phase.\necho \"SUCCESS\" > \"${SCRIPT_OUTPUT_FILE_0}\"\n";
			showEnvVarsInLog = 0;
		};
		BE9EC5AFE43FDC36B40F87D3 /* [CP] Check Pods Manifest.lock */ = {
			isa = PBXShellScriptBuildPhase;
			buildActionMask = 2147483647;
			files = (
			);
			inputFileListPaths = (
			);
			inputPaths = (
				"${PODS_PODFILE_DIR_PATH}/Podfile.lock",
				"${PODS_ROOT}/Manifest.lock",
			);
			name = "[CP] Check Pods Manifest.lock";
			outputFileListPaths = (
			);
			outputPaths = (
				"$(DERIVED_FILE_DIR)/Pods-StocksApp-checkManifestLockResult.txt",
			);
			runOnlyForDeploymentPostprocessing = 0;
			shellPath = /bin/sh;
			shellScript = "diff \"${PODS_PODFILE_DIR_PATH}/Podfile.lock\" \"${PODS_ROOT}/Manifest.lock\" > /dev/null\nif [ $? != 0 ] ; then\n    # print error to STDERR\n    echo \"error: The sandbox is not in sync with the Podfile.lock. Run 'pod install' or update your CocoaPods installation.\" >&2\n    exit 1\nfi\n# This output is used by Xcode 'outputs' to avoid re-running this script phase.\necho \"SUCCESS\" > \"${SCRIPT_OUTPUT_FILE_0}\"\n";
			showEnvVarsInLog = 0;
		};
		ED9A241C841FF0C6B104E0D3 /* [CP] Embed Pods Frameworks */ = {
			isa = PBXShellScriptBuildPhase;
			buildActionMask = 2147483647;
			files = (
			);
			inputFileListPaths = (
				"${PODS_ROOT}/Target Support Files/Pods-StocksApp-StocksAppUITests/Pods-StocksApp-StocksAppUITests-frameworks-${CONFIGURATION}-input-files.xcfilelist",
			);
			name = "[CP] Embed Pods Frameworks";
			outputFileListPaths = (
				"${PODS_ROOT}/Target Support Files/Pods-StocksApp-StocksAppUITests/Pods-StocksApp-StocksAppUITests-frameworks-${CONFIGURATION}-output-files.xcfilelist",
			);
			runOnlyForDeploymentPostprocessing = 0;
			shellPath = /bin/sh;
			shellScript = "\"${PODS_ROOT}/Target Support Files/Pods-StocksApp-StocksAppUITests/Pods-StocksApp-StocksAppUITests-frameworks.sh\"\n";
			showEnvVarsInLog = 0;
		};
		F4FBE1103E57939B5F3E16CC /* [CP] Check Pods Manifest.lock */ = {
			isa = PBXShellScriptBuildPhase;
			buildActionMask = 2147483647;
			files = (
			);
			inputFileListPaths = (
			);
			inputPaths = (
				"${PODS_PODFILE_DIR_PATH}/Podfile.lock",
				"${PODS_ROOT}/Manifest.lock",
			);
			name = "[CP] Check Pods Manifest.lock";
			outputFileListPaths = (
			);
			outputPaths = (
				"$(DERIVED_FILE_DIR)/Pods-StocksAppTests-checkManifestLockResult.txt",
			);
			runOnlyForDeploymentPostprocessing = 0;
			shellPath = /bin/sh;
			shellScript = "diff \"${PODS_PODFILE_DIR_PATH}/Podfile.lock\" \"${PODS_ROOT}/Manifest.lock\" > /dev/null\nif [ $? != 0 ] ; then\n    # print error to STDERR\n    echo \"error: The sandbox is not in sync with the Podfile.lock. Run 'pod install' or update your CocoaPods installation.\" >&2\n    exit 1\nfi\n# This output is used by Xcode 'outputs' to avoid re-running this script phase.\necho \"SUCCESS\" > \"${SCRIPT_OUTPUT_FILE_0}\"\n";
			showEnvVarsInLog = 0;
		};
/* End PBXShellScriptBuildPhase section */

/* Begin PBXSourcesBuildPhase section */
		7527DDE42994172C008064FE /* Sources */ = {
			isa = PBXSourcesBuildPhase;
			buildActionMask = 2147483647;
			files = (
				7527DE2629944963008064FE /* SearchSymbolResponse.swift in Sources */,
				7592B5A1299BDC4E002ECC78 /* FinancialWSUpdate.swift in Sources */,
				75D579B3299D179C00FE4124 /* FinancialItem.swift in Sources */,
				75D579B9299D818200FE4124 /* FinancialItemQuote.swift in Sources */,
				7527DE17299418C5008064FE /* NetworkManager.swift in Sources */,
				7527DE2D2994616F008064FE /* CompanyRepo.swift in Sources */,
				756A4F77299A6974003F13F7 /* PortfolioRepo.swift in Sources */,
				7527DE2329943502008064FE /* SearchViewModel.swift in Sources */,
				75ED04A429994C570017F08D /* PortfolioPerformanceOverview.swift in Sources */,
				756A4F6A29998B28003F13F7 /* PortofolioPerformanceOverviewModel.swift in Sources */,
				75ED047029992E7F0017F08D /* UIStyles.swift in Sources */,
				7527DE2B2994613B008064FE /* StockViewViewModel.swift in Sources */,
				756A4F79299A6A1C003F13F7 /* NetworkContainer.swift in Sources */,
				7527DDEE2994172C008064FE /* ContentView.swift in Sources */,
				7527DDEC2994172C008064FE /* StocksAppApp.swift in Sources */,
				75D579B5299D40B000FE4124 /* HomePortfolioItemOverview.swift in Sources */,
				756A4F612999763C003F13F7 /* PortofolioPerformanceViewModel.swift in Sources */,
				751E2788299C3AA100F65E82 /* PortfolioPerformanceChart.swift in Sources */,
				75D579B1299D152600FE4124 /* HomePortfolioItemsViewModel.swift in Sources */,
				75ED04AA29994FEA0017F08D /* Currency.swift in Sources */,
				7527DE30299463E4008064FE /* CompanyProfile.swift in Sources */,
				756A4F8E299B0CC4003F13F7 /* Errors.swift in Sources */,
				7527DE1D2994200D008064FE /* SearchSymbol.swift in Sources */,
				75ED046D29992D480017F08D /* WelcomeHeader.swift in Sources */,
				756A4F90299B1198003F13F7 /* FinancialItemsWatcher.swift in Sources */,
				75D579AF299D12C000FE4124 /* HomePortofolioItemsOverview.swift in Sources */,
				756A4F642999766A003F13F7 /* CurrencyFormatter.swift in Sources */,
				75D579BD299D949000FE4124 /* DoubleUtils.swift in Sources */,
				75ED04A729994CE10017F08D /* LocalStorage.swift in Sources */,
				7527DE2829945C3B008064FE /* StockView.swift in Sources */,
				75ED04A2299940A80017F08D /* HomeView.swift in Sources */,
				75D579BB299D92D200FE4124 /* HomePortfolioItemChange.swift in Sources */,
				756A4F6D29999272003F13F7 /* ShimmerModifier.swift in Sources */,
				751E2784299C29EF00F65E82 /* R.generated.swift in Sources */,
				756A4F75299997A8003F13F7 /* Colors.swift in Sources */,
				75D579B7299D73B800FE4124 /* HomePortfolioItem.swift in Sources */,
				7527DE1A29941CE6008064FE /* SearchRepo.swift in Sources */,
				7592B5A4299BDDA3002ECC78 /* UpdateResponse.swift in Sources */,
				7527DE1F29942133008064FE /* Constants.swift in Sources */,
				7592B5A8299BF67F002ECC78 /* PortfolioPerformanceHistoryEntry.swift in Sources */,
				756A4F6729997F4E003F13F7 /* UtilsContainer.swift in Sources */,
				756A4F7329999563003F13F7 /* PortfolioOverviewPerformanceChange.swift in Sources */,
				756A4F7B299AEBA9003F13F7 /* PortfolioModel.swift in Sources */,
			);
			runOnlyForDeploymentPostprocessing = 0;
		};
		7527DDF429941731008064FE /* Sources */ = {
			isa = PBXSourcesBuildPhase;
			buildActionMask = 2147483647;
			files = (
				7527DDFD29941731008064FE /* StocksAppTests.swift in Sources */,
				751E2785299C29EF00F65E82 /* R.generated.swift in Sources */,
			);
			runOnlyForDeploymentPostprocessing = 0;
		};
		7527DDFE29941731008064FE /* Sources */ = {
			isa = PBXSourcesBuildPhase;
			buildActionMask = 2147483647;
			files = (
				7527DE0729941731008064FE /* StocksAppUITests.swift in Sources */,
				7527DE0929941731008064FE /* StocksAppUITestsLaunchTests.swift in Sources */,
				751E2786299C29EF00F65E82 /* R.generated.swift in Sources */,
			);
			runOnlyForDeploymentPostprocessing = 0;
		};
/* End PBXSourcesBuildPhase section */

/* Begin PBXTargetDependency section */
		751E2780299C214200F65E82 /* PBXTargetDependency */ = {
			isa = PBXTargetDependency;
		};
		7527DDFA29941731008064FE /* PBXTargetDependency */ = {
			isa = PBXTargetDependency;
			target = 7527DDE72994172C008064FE /* StocksApp */;
			targetProxy = 7527DDF929941731008064FE /* PBXContainerItemProxy */;
		};
		7527DE0429941731008064FE /* PBXTargetDependency */ = {
			isa = PBXTargetDependency;
			target = 7527DDE72994172C008064FE /* StocksApp */;
			targetProxy = 7527DE0329941731008064FE /* PBXContainerItemProxy */;
		};
/* End PBXTargetDependency section */

/* Begin PBXVariantGroup section */
		75ED049B299934A70017F08D /* Localizable.strings */ = {
			isa = PBXVariantGroup;
			children = (
				75ED049A299934A70017F08D /* en */,
			);
			name = Localizable.strings;
			sourceTree = "<group>";
		};
/* End PBXVariantGroup section */

/* Begin XCBuildConfiguration section */
		7527DE0A29941731008064FE /* Debug */ = {
			isa = XCBuildConfiguration;
			buildSettings = {
				ALWAYS_SEARCH_USER_PATHS = NO;
				CLANG_ANALYZER_LOCALIZABILITY_NONLOCALIZED = NO;
				CLANG_ANALYZER_NONNULL = YES;
				CLANG_ANALYZER_NUMBER_OBJECT_CONVERSION = YES_AGGRESSIVE;
				CLANG_CXX_LANGUAGE_STANDARD = "gnu++20";
				CLANG_ENABLE_MODULES = YES;
				CLANG_ENABLE_OBJC_ARC = YES;
				CLANG_ENABLE_OBJC_WEAK = YES;
				CLANG_STATIC_ANALYZER_MODE = shallow;
				CLANG_WARN_BLOCK_CAPTURE_AUTORELEASING = YES;
				CLANG_WARN_BOOL_CONVERSION = YES;
				CLANG_WARN_COMMA = YES;
				CLANG_WARN_CONSTANT_CONVERSION = YES;
				CLANG_WARN_DEPRECATED_OBJC_IMPLEMENTATIONS = YES;
				CLANG_WARN_DIRECT_OBJC_ISA_USAGE = YES_ERROR;
				CLANG_WARN_DOCUMENTATION_COMMENTS = YES;
				CLANG_WARN_EMPTY_BODY = YES;
				CLANG_WARN_ENUM_CONVERSION = YES;
				CLANG_WARN_INFINITE_RECURSION = YES;
				CLANG_WARN_INT_CONVERSION = YES;
				CLANG_WARN_NON_LITERAL_NULL_CONVERSION = YES;
				CLANG_WARN_OBJC_IMPLICIT_RETAIN_SELF = YES;
				CLANG_WARN_OBJC_LITERAL_CONVERSION = YES;
				CLANG_WARN_OBJC_ROOT_CLASS = YES_ERROR;
				CLANG_WARN_QUOTED_INCLUDE_IN_FRAMEWORK_HEADER = YES;
				CLANG_WARN_RANGE_LOOP_ANALYSIS = YES;
				CLANG_WARN_STRICT_PROTOTYPES = YES;
				CLANG_WARN_SUSPICIOUS_MOVE = YES;
				CLANG_WARN_UNGUARDED_AVAILABILITY = YES_AGGRESSIVE;
				CLANG_WARN_UNREACHABLE_CODE = YES;
				CLANG_WARN__DUPLICATE_METHOD_MATCH = YES;
				COPY_PHASE_STRIP = NO;
				DEBUG_INFORMATION_FORMAT = dwarf;
				ENABLE_STRICT_OBJC_MSGSEND = YES;
				ENABLE_TESTABILITY = YES;
				GCC_C_LANGUAGE_STANDARD = gnu11;
				GCC_DYNAMIC_NO_PIC = NO;
				GCC_NO_COMMON_BLOCKS = YES;
				GCC_OPTIMIZATION_LEVEL = 0;
				GCC_PREPROCESSOR_DEFINITIONS = (
					"DEBUG=1",
					"$(inherited)",
				);
				GCC_WARN_64_TO_32_BIT_CONVERSION = YES;
				GCC_WARN_ABOUT_RETURN_TYPE = YES_ERROR;
				GCC_WARN_UNDECLARED_SELECTOR = YES;
				GCC_WARN_UNINITIALIZED_AUTOS = YES_AGGRESSIVE;
				GCC_WARN_UNUSED_FUNCTION = YES;
				GCC_WARN_UNUSED_VARIABLE = YES;
				IPHONEOS_DEPLOYMENT_TARGET = 16.2;
				MTL_ENABLE_DEBUG_INFO = INCLUDE_SOURCE;
				MTL_FAST_MATH = YES;
				NEW_SETTING = "";
				ONLY_ACTIVE_ARCH = YES;
				SDKROOT = iphoneos;
				SWIFT_ACTIVE_COMPILATION_CONDITIONS = DEBUG;
				SWIFT_OPTIMIZATION_LEVEL = "-Onone";
			};
			name = Debug;
		};
		7527DE0B29941731008064FE /* Release */ = {
			isa = XCBuildConfiguration;
			buildSettings = {
				ALWAYS_SEARCH_USER_PATHS = NO;
				CLANG_ANALYZER_LOCALIZABILITY_NONLOCALIZED = NO;
				CLANG_ANALYZER_NONNULL = YES;
				CLANG_ANALYZER_NUMBER_OBJECT_CONVERSION = YES_AGGRESSIVE;
				CLANG_CXX_LANGUAGE_STANDARD = "gnu++20";
				CLANG_ENABLE_MODULES = YES;
				CLANG_ENABLE_OBJC_ARC = YES;
				CLANG_ENABLE_OBJC_WEAK = YES;
				CLANG_STATIC_ANALYZER_MODE = shallow;
				CLANG_WARN_BLOCK_CAPTURE_AUTORELEASING = YES;
				CLANG_WARN_BOOL_CONVERSION = YES;
				CLANG_WARN_COMMA = YES;
				CLANG_WARN_CONSTANT_CONVERSION = YES;
				CLANG_WARN_DEPRECATED_OBJC_IMPLEMENTATIONS = YES;
				CLANG_WARN_DIRECT_OBJC_ISA_USAGE = YES_ERROR;
				CLANG_WARN_DOCUMENTATION_COMMENTS = YES;
				CLANG_WARN_EMPTY_BODY = YES;
				CLANG_WARN_ENUM_CONVERSION = YES;
				CLANG_WARN_INFINITE_RECURSION = YES;
				CLANG_WARN_INT_CONVERSION = YES;
				CLANG_WARN_NON_LITERAL_NULL_CONVERSION = YES;
				CLANG_WARN_OBJC_IMPLICIT_RETAIN_SELF = YES;
				CLANG_WARN_OBJC_LITERAL_CONVERSION = YES;
				CLANG_WARN_OBJC_ROOT_CLASS = YES_ERROR;
				CLANG_WARN_QUOTED_INCLUDE_IN_FRAMEWORK_HEADER = YES;
				CLANG_WARN_RANGE_LOOP_ANALYSIS = YES;
				CLANG_WARN_STRICT_PROTOTYPES = YES;
				CLANG_WARN_SUSPICIOUS_MOVE = YES;
				CLANG_WARN_UNGUARDED_AVAILABILITY = YES_AGGRESSIVE;
				CLANG_WARN_UNREACHABLE_CODE = YES;
				CLANG_WARN__DUPLICATE_METHOD_MATCH = YES;
				COPY_PHASE_STRIP = NO;
				DEBUG_INFORMATION_FORMAT = "dwarf-with-dsym";
				ENABLE_NS_ASSERTIONS = NO;
				ENABLE_STRICT_OBJC_MSGSEND = YES;
				GCC_C_LANGUAGE_STANDARD = gnu11;
				GCC_NO_COMMON_BLOCKS = YES;
				GCC_WARN_64_TO_32_BIT_CONVERSION = YES;
				GCC_WARN_ABOUT_RETURN_TYPE = YES_ERROR;
				GCC_WARN_UNDECLARED_SELECTOR = YES;
				GCC_WARN_UNINITIALIZED_AUTOS = YES_AGGRESSIVE;
				GCC_WARN_UNUSED_FUNCTION = YES;
				GCC_WARN_UNUSED_VARIABLE = YES;
				IPHONEOS_DEPLOYMENT_TARGET = 16.2;
				MTL_ENABLE_DEBUG_INFO = NO;
				MTL_FAST_MATH = YES;
				NEW_SETTING = "";
				ONLY_ACTIVE_ARCH = NO;
				SDKROOT = iphoneos;
				SWIFT_COMPILATION_MODE = wholemodule;
				SWIFT_OPTIMIZATION_LEVEL = "-O";
				VALIDATE_PRODUCT = YES;
			};
			name = Release;
		};
		7527DE0D29941731008064FE /* Debug */ = {
			isa = XCBuildConfiguration;
			baseConfigurationReference = FE055DE3A667DDF2A76D31C5 /* Pods-StocksApp.debug.xcconfig */;
			buildSettings = {
				ALWAYS_EMBED_SWIFT_STANDARD_LIBRARIES = YES;
				ASSETCATALOG_COMPILER_APPICON_NAME = AppIcon;
				ASSETCATALOG_COMPILER_GLOBAL_ACCENT_COLOR_NAME = AccentColor;
				CODE_SIGN_STYLE = Automatic;
				CURRENT_PROJECT_VERSION = 1;
				DEVELOPMENT_ASSET_PATHS = "\"StocksApp/Preview Content\"";
				DEVELOPMENT_TEAM = YHFUNL68VD;
				ENABLE_ONLY_ACTIVE_RESOURCES = NO;
				ENABLE_PREVIEWS = YES;
				GENERATE_INFOPLIST_FILE = YES;
				INFOPLIST_FILE = StocksApp/Info.plist;
				INFOPLIST_KEY_UIApplicationSceneManifest_Generation = YES;
				INFOPLIST_KEY_UIApplicationSupportsIndirectInputEvents = YES;
				INFOPLIST_KEY_UILaunchScreen_Generation = YES;
				INFOPLIST_KEY_UISupportedInterfaceOrientations_iPad = "UIInterfaceOrientationPortrait UIInterfaceOrientationPortraitUpsideDown UIInterfaceOrientationLandscapeLeft UIInterfaceOrientationLandscapeRight";
				INFOPLIST_KEY_UISupportedInterfaceOrientations_iPhone = "UIInterfaceOrientationPortrait UIInterfaceOrientationLandscapeLeft UIInterfaceOrientationLandscapeRight";
				IPHONEOS_DEPLOYMENT_TARGET = 16.0;
				LD_RUNPATH_SEARCH_PATHS = (
					"$(inherited)",
					"@executable_path/Frameworks",
				);
				MARKETING_VERSION = 1.0;
				PRODUCT_BUNDLE_IDENTIFIER = andrei.StocksApp;
				PRODUCT_NAME = "$(TARGET_NAME)";
				SWIFT_EMIT_LOC_STRINGS = YES;
				SWIFT_OPTIMIZATION_LEVEL = "-Onone";
				SWIFT_VERSION = 5.0;
				TARGETED_DEVICE_FAMILY = "1,2";
			};
			name = Debug;
		};
		7527DE0E29941731008064FE /* Release */ = {
			isa = XCBuildConfiguration;
			baseConfigurationReference = 620C2DA9AD6AA4D3327C06EC /* Pods-StocksApp.release.xcconfig */;
			buildSettings = {
				ALWAYS_EMBED_SWIFT_STANDARD_LIBRARIES = YES;
				ASSETCATALOG_COMPILER_APPICON_NAME = AppIcon;
				ASSETCATALOG_COMPILER_GLOBAL_ACCENT_COLOR_NAME = AccentColor;
				CODE_SIGN_STYLE = Automatic;
				CURRENT_PROJECT_VERSION = 1;
				DEVELOPMENT_ASSET_PATHS = "\"StocksApp/Preview Content\"";
				DEVELOPMENT_TEAM = YHFUNL68VD;
				ENABLE_ONLY_ACTIVE_RESOURCES = NO;
				ENABLE_PREVIEWS = YES;
				GENERATE_INFOPLIST_FILE = YES;
				INFOPLIST_FILE = StocksApp/Info.plist;
				INFOPLIST_KEY_UIApplicationSceneManifest_Generation = YES;
				INFOPLIST_KEY_UIApplicationSupportsIndirectInputEvents = YES;
				INFOPLIST_KEY_UILaunchScreen_Generation = YES;
				INFOPLIST_KEY_UISupportedInterfaceOrientations_iPad = "UIInterfaceOrientationPortrait UIInterfaceOrientationPortraitUpsideDown UIInterfaceOrientationLandscapeLeft UIInterfaceOrientationLandscapeRight";
				INFOPLIST_KEY_UISupportedInterfaceOrientations_iPhone = "UIInterfaceOrientationPortrait UIInterfaceOrientationLandscapeLeft UIInterfaceOrientationLandscapeRight";
				IPHONEOS_DEPLOYMENT_TARGET = 16.0;
				LD_RUNPATH_SEARCH_PATHS = (
					"$(inherited)",
					"@executable_path/Frameworks",
				);
				MARKETING_VERSION = 1.0;
				PRODUCT_BUNDLE_IDENTIFIER = andrei.StocksApp;
				PRODUCT_NAME = "$(TARGET_NAME)";
				SWIFT_EMIT_LOC_STRINGS = YES;
				SWIFT_OPTIMIZATION_LEVEL = "-Onone";
				SWIFT_VERSION = 5.0;
				TARGETED_DEVICE_FAMILY = "1,2";
			};
			name = Release;
		};
		7527DE1029941731008064FE /* Debug */ = {
			isa = XCBuildConfiguration;
			baseConfigurationReference = 7F0FEBE2666162FFD5D3E9D0 /* Pods-StocksAppTests.debug.xcconfig */;
			buildSettings = {
				ALWAYS_EMBED_SWIFT_STANDARD_LIBRARIES = YES;
				BUNDLE_LOADER = "$(TEST_HOST)";
				CODE_SIGN_STYLE = Automatic;
				CURRENT_PROJECT_VERSION = 1;
				DEVELOPMENT_TEAM = ZU3PARA356;
				GENERATE_INFOPLIST_FILE = YES;
				IPHONEOS_DEPLOYMENT_TARGET = 16.2;
				MARKETING_VERSION = 1.0;
				PRODUCT_BUNDLE_IDENTIFIER = andrei.StocksAppTests;
				PRODUCT_NAME = "$(TARGET_NAME)";
				SWIFT_EMIT_LOC_STRINGS = NO;
				SWIFT_VERSION = 5.0;
				TARGETED_DEVICE_FAMILY = "1,2";
				TEST_HOST = "$(BUILT_PRODUCTS_DIR)/StocksApp.app/$(BUNDLE_EXECUTABLE_FOLDER_PATH)/StocksApp";
			};
			name = Debug;
		};
		7527DE1129941731008064FE /* Release */ = {
			isa = XCBuildConfiguration;
			baseConfigurationReference = 3FE9EF51F35AD6BC582259C2 /* Pods-StocksAppTests.release.xcconfig */;
			buildSettings = {
				ALWAYS_EMBED_SWIFT_STANDARD_LIBRARIES = YES;
				BUNDLE_LOADER = "$(TEST_HOST)";
				CODE_SIGN_STYLE = Automatic;
				CURRENT_PROJECT_VERSION = 1;
				DEVELOPMENT_TEAM = ZU3PARA356;
				GENERATE_INFOPLIST_FILE = YES;
				IPHONEOS_DEPLOYMENT_TARGET = 16.2;
				MARKETING_VERSION = 1.0;
				PRODUCT_BUNDLE_IDENTIFIER = andrei.StocksAppTests;
				PRODUCT_NAME = "$(TARGET_NAME)";
				SWIFT_EMIT_LOC_STRINGS = NO;
				SWIFT_VERSION = 5.0;
				TARGETED_DEVICE_FAMILY = "1,2";
				TEST_HOST = "$(BUILT_PRODUCTS_DIR)/StocksApp.app/$(BUNDLE_EXECUTABLE_FOLDER_PATH)/StocksApp";
			};
			name = Release;
		};
		7527DE1329941731008064FE /* Debug */ = {
			isa = XCBuildConfiguration;
			baseConfigurationReference = 4B1D838EF05B0F958BA6B910 /* Pods-StocksApp-StocksAppUITests.debug.xcconfig */;
			buildSettings = {
				ALWAYS_EMBED_SWIFT_STANDARD_LIBRARIES = YES;
				CODE_SIGN_STYLE = Automatic;
				CURRENT_PROJECT_VERSION = 1;
				DEVELOPMENT_TEAM = ZU3PARA356;
				GENERATE_INFOPLIST_FILE = YES;
				MARKETING_VERSION = 1.0;
				PRODUCT_BUNDLE_IDENTIFIER = andrei.StocksAppUITests;
				PRODUCT_NAME = "$(TARGET_NAME)";
				SWIFT_EMIT_LOC_STRINGS = NO;
				SWIFT_VERSION = 5.0;
				TARGETED_DEVICE_FAMILY = "1,2";
				TEST_TARGET_NAME = StocksApp;
			};
			name = Debug;
		};
		7527DE1429941731008064FE /* Release */ = {
			isa = XCBuildConfiguration;
			baseConfigurationReference = 6C2C8184FC25DB995937100D /* Pods-StocksApp-StocksAppUITests.release.xcconfig */;
			buildSettings = {
				ALWAYS_EMBED_SWIFT_STANDARD_LIBRARIES = YES;
				CODE_SIGN_STYLE = Automatic;
				CURRENT_PROJECT_VERSION = 1;
				DEVELOPMENT_TEAM = ZU3PARA356;
				GENERATE_INFOPLIST_FILE = YES;
				MARKETING_VERSION = 1.0;
				PRODUCT_BUNDLE_IDENTIFIER = andrei.StocksAppUITests;
				PRODUCT_NAME = "$(TARGET_NAME)";
				SWIFT_EMIT_LOC_STRINGS = NO;
				SWIFT_VERSION = 5.0;
				TARGETED_DEVICE_FAMILY = "1,2";
				TEST_TARGET_NAME = StocksApp;
			};
			name = Release;
		};
/* End XCBuildConfiguration section */

/* Begin XCConfigurationList section */
		7527DDE32994172C008064FE /* Build configuration list for PBXProject "StocksApp" */ = {
			isa = XCConfigurationList;
			buildConfigurations = (
				7527DE0A29941731008064FE /* Debug */,
				7527DE0B29941731008064FE /* Release */,
			);
			defaultConfigurationIsVisible = 0;
			defaultConfigurationName = Release;
		};
		7527DE0C29941731008064FE /* Build configuration list for PBXNativeTarget "StocksApp" */ = {
			isa = XCConfigurationList;
			buildConfigurations = (
				7527DE0D29941731008064FE /* Debug */,
				7527DE0E29941731008064FE /* Release */,
			);
			defaultConfigurationIsVisible = 0;
			defaultConfigurationName = Release;
		};
		7527DE0F29941731008064FE /* Build configuration list for PBXNativeTarget "StocksAppTests" */ = {
			isa = XCConfigurationList;
			buildConfigurations = (
				7527DE1029941731008064FE /* Debug */,
				7527DE1129941731008064FE /* Release */,
			);
			defaultConfigurationIsVisible = 0;
			defaultConfigurationName = Release;
		};
		7527DE1229941731008064FE /* Build configuration list for PBXNativeTarget "StocksAppUITests" */ = {
			isa = XCConfigurationList;
			buildConfigurations = (
				7527DE1329941731008064FE /* Debug */,
				7527DE1429941731008064FE /* Release */,
			);
			defaultConfigurationIsVisible = 0;
			defaultConfigurationName = Release;
		};
/* End XCConfigurationList section */

/* Begin XCRemoteSwiftPackageReference section */
		756A4F6E2999947B003F13F7 /* XCRemoteSwiftPackageReference "SwiftUI-Shimmer" */ = {
			isa = XCRemoteSwiftPackageReference;
			repositoryURL = "https://github.com/markiv/SwiftUI-Shimmer";
			requirement = {
				branch = main;
				kind = branch;
			};
		};
		756A4F80299AEEA2003F13F7 /* XCRemoteSwiftPackageReference "firebase-ios-sdk" */ = {
			isa = XCRemoteSwiftPackageReference;
			repositoryURL = "https://github.com/firebase/firebase-ios-sdk";
			requirement = {
				kind = upToNextMajorVersion;
				minimumVersion = 9.0.0;
			};
		};
		756A4F91299B12AB003F13F7 /* XCRemoteSwiftPackageReference "Starscream" */ = {
			isa = XCRemoteSwiftPackageReference;
			repositoryURL = "https://github.com/daltoniam/Starscream";
			requirement = {
				kind = upToNextMajorVersion;
				minimumVersion = 4.0.0;
			};
		};
/* End XCRemoteSwiftPackageReference section */

/* Begin XCSwiftPackageProductDependency section */
		756A4F6F2999947B003F13F7 /* Shimmer */ = {
			isa = XCSwiftPackageProductDependency;
			package = 756A4F6E2999947B003F13F7 /* XCRemoteSwiftPackageReference "SwiftUI-Shimmer" */;
			productName = Shimmer;
		};
		756A4F81299AEEA2003F13F7 /* FirebaseAnalytics */ = {
			isa = XCSwiftPackageProductDependency;
			package = 756A4F80299AEEA2003F13F7 /* XCRemoteSwiftPackageReference "firebase-ios-sdk" */;
			productName = FirebaseAnalytics;
		};
		756A4F83299AEEA2003F13F7 /* FirebaseCrashlytics */ = {
			isa = XCSwiftPackageProductDependency;
			package = 756A4F80299AEEA2003F13F7 /* XCRemoteSwiftPackageReference "firebase-ios-sdk" */;
			productName = FirebaseCrashlytics;
		};
		756A4F85299AEEA2003F13F7 /* FirebaseFirestore */ = {
			isa = XCSwiftPackageProductDependency;
			package = 756A4F80299AEEA2003F13F7 /* XCRemoteSwiftPackageReference "firebase-ios-sdk" */;
			productName = FirebaseFirestore;
		};
		756A4F87299AEEA2003F13F7 /* FirebaseFirestoreCombine-Community */ = {
			isa = XCSwiftPackageProductDependency;
			package = 756A4F80299AEEA2003F13F7 /* XCRemoteSwiftPackageReference "firebase-ios-sdk" */;
			productName = "FirebaseFirestoreCombine-Community";
		};
		756A4F89299AEEA2003F13F7 /* FirebasePerformance */ = {
			isa = XCSwiftPackageProductDependency;
			package = 756A4F80299AEEA2003F13F7 /* XCRemoteSwiftPackageReference "firebase-ios-sdk" */;
			productName = FirebasePerformance;
		};
		756A4F8B299AEEA2003F13F7 /* FirebaseRemoteConfig */ = {
			isa = XCSwiftPackageProductDependency;
			package = 756A4F80299AEEA2003F13F7 /* XCRemoteSwiftPackageReference "firebase-ios-sdk" */;
			productName = FirebaseRemoteConfig;
		};
		756A4F92299B12AB003F13F7 /* Starscream */ = {
			isa = XCSwiftPackageProductDependency;
			package = 756A4F91299B12AB003F13F7 /* XCRemoteSwiftPackageReference "Starscream" */;
			productName = Starscream;
		};
/* End XCSwiftPackageProductDependency section */
	};
	rootObject = 7527DDE02994172C008064FE /* Project object */;
}
